{
  "name": "DatingApp",
  "lockfileVersion": 2,
  "requires": true,
  "packages": {
    "": {
      "dependencies": {
        "@kolkov/ngx-gallery": "^2.0.1",
        "bootstrap": "^5.3.0",
        "font-awesome": "^4.7.0",
        "ngx-bootstrap": "^10.2.0"
      }
    },
    "node_modules/@kolkov/ngx-gallery": {
      "version": "2.0.1",
      "resolved": "https://registry.npmjs.org/@kolkov/ngx-gallery/-/ngx-gallery-2.0.1.tgz",
      "integrity": "sha512-mTigRy9Ha7bqCF/+GNKeW2Oe8ZILuM5GGMw+ZbvTQWq3X5hngeFFgv8GFG49Py3biX67kb0NhqCP+msLe4wbXQ==",
      "dependencies": {
        "tslib": "^2.3.0"
      },
      "peerDependencies": {
        "@angular/animations": ">=13.0.0 <14",
        "@angular/common": ">=13.0.0 <14",
        "@angular/core": ">=13.0.0 <14"
      }
    },
    "node_modules/bootstrap": {
      "version": "5.3.0",
      "resolved": "https://registry.npmjs.org/bootstrap/-/bootstrap-5.3.0.tgz",
      "integrity": "sha512-UnBV3E3v4STVNQdms6jSGO2CvOkjUMdDAVR2V5N4uCMdaIkaQjbcEAMqRimDHIs4uqBYzDAKCQwCB+97tJgHQw==",
      "funding": [
        {
          "type": "github",
          "url": "https://github.com/sponsors/twbs"
        },
        {
          "type": "opencollective",
          "url": "https://opencollective.com/bootstrap"
        }
      ],
      "peerDependencies": {
        "@popperjs/core": "^2.11.7"
      }
    },
    "node_modules/font-awesome": {
      "version": "4.7.0",
      "resolved": "https://registry.npmjs.org/font-awesome/-/font-awesome-4.7.0.tgz",
      "integrity": "sha512-U6kGnykA/6bFmg1M/oT9EkFeIYv7JlX3bozwQJWiiLz6L0w3F5vBVPxHlwyX/vtNq1ckcpRKOB9f2Qal/VtFpg==",
      "engines": {
        "node": ">=0.10.3"
      }
    },
    "node_modules/ngx-bootstrap": {
      "version": "10.2.0",
      "resolved": "https://registry.npmjs.org/ngx-bootstrap/-/ngx-bootstrap-10.2.0.tgz",
      "integrity": "sha512-bn5wdvH6QQ2JGu4TgUbozdULBFMxZNPNTgO7dRiosx9FRrFvKcgxkGSgU/xoj+4kP1vgh8zwzaiDfvH/Bfb+Aw==",
      "dependencies": {
        "tslib": "^2.3.0"
      },
      "peerDependencies": {
        "@angular/animations": "^15.0.0",
        "@angular/common": "^15.0.0",
        "@angular/core": "^15.0.0",
        "@angular/forms": "^15.0.0",
        "rxjs": "^6.5.3 || ^7.6.0"
      }
    },
    "node_modules/tslib": {
      "version": "2.6.0",
      "resolved": "https://registry.npmjs.org/tslib/-/tslib-2.6.0.tgz",
      "integrity": "sha512-7At1WUettjcSRHXCyYtTselblcHl9PJFFVKiCAy/bY97+BPZXSQ2wbq0P9s8tK2G7dFQfNnlJnPAiArVBVBsfA=="
    }
  },
  "dependencies": {
    "@kolkov/ngx-gallery": {
      "version": "2.0.1",
      "resolved": "https://registry.npmjs.org/@kolkov/ngx-gallery/-/ngx-gallery-2.0.1.tgz",
      "integrity": "sha512-mTigRy9Ha7bqCF/+GNKeW2Oe8ZILuM5GGMw+ZbvTQWq3X5hngeFFgv8GFG49Py3biX67kb0NhqCP+msLe4wbXQ==",
      "requires": {
        "tslib": "^2.3.0"
      }
    },
    "bootstrap": {
      "version": "5.3.0",
      "resolved": "https://registry.npmjs.org/bootstrap/-/bootstrap-5.3.0.tgz",
      "integrity": "sha512-UnBV3E3v4STVNQdms6jSGO2CvOkjUMdDAVR2V5N4uCMdaIkaQjbcEAMqRimDHIs4uqBYzDAKCQwCB+97tJgHQw=="
    },
    "font-awesome": {
      "version": "4.7.0",
      "resolved": "https://registry.npmjs.org/font-awesome/-/font-awesome-4.7.0.tgz",
      "integrity": "sha512-U6kGnykA/6bFmg1M/oT9EkFeIYv7JlX3bozwQJWiiLz6L0w3F5vBVPxHlwyX/vtNq1ckcpRKOB9f2Qal/VtFpg=="
    },
    "ngx-bootstrap": {
      "version": "10.2.0",
      "resolved": "https://registry.npmjs.org/ngx-bootstrap/-/ngx-bootstrap-10.2.0.tgz",
      "integrity": "sha512-bn5wdvH6QQ2JGu4TgUbozdULBFMxZNPNTgO7dRiosx9FRrFvKcgxkGSgU/xoj+4kP1vgh8zwzaiDfvH/Bfb+Aw==",
      "requires": {
        "tslib": "^2.3.0"
      }
    },
    "tslib": {
      "version": "2.6.0",
      "resolved": "https://registry.npmjs.org/tslib/-/tslib-2.6.0.tgz",
      "integrity": "sha512-7At1WUettjcSRHXCyYtTselblcHl9PJFFVKiCAy/bY97+BPZXSQ2wbq0P9s8tK2G7dFQfNnlJnPAiArVBVBsfA=="
    }
  }
}
